
Microsoft Visual Studio Solution File, Format Version 12.00
# Visual Studio Version 17
VisualStudioVersion = 17.0.32112.339
MinimumVisualStudioVersion = 10.0.40219.1
Project("{FAE04EC0-301F-11D3-BF4B-00C04F79EFBC}") = "PicMatch", "PicMatch\PicMatch.csproj", "{D943785D-5A8F-4F36-960E-AA082171F16B}"
EndProject
Global
	GlobalSection(SolutionConfigurationPlatforms) = preSolution
		Debug|Any CPU = Debug|Any CPU
		Debug|x64 = Debug|x64
		PaPayooMemory|Any CPU = PaPayooMemory|Any CPU
		PaPayooMemory|x64 = PaPayooMemory|x64
		Release|Any CPU = Release|Any CPU
		Release|x64 = Release|x64
	EndGlobalSection
	GlobalSection(ProjectConfigurationPlatforms) = postSolution
		{D943785D-5A8F-4F36-960E-AA082171F16B}.Debug|Any CPU.ActiveCfg = Debug|Any CPU
		{D943785D-5A8F-4F36-960E-AA082171F16B}.Debug|Any CPU.Build.0 = Debug|Any CPU
		{D943785D-5A8F-4F36-960E-AA082171F16B}.Debug|x64.ActiveCfg = Debug|x64
		{D943785D-5A8F-4F36-960E-AA082171F16B}.Debug|x64.Build.0 = Debug|x64
		{D943785D-5A8F-4F36-960E-AA082171F16B}.PaPayooMemory|Any CPU.ActiveCfg = PaPayooMemory|Any CPU
		{D943785D-5A8F-4F36-960E-AA082171F16B}.PaPayooMemory|Any CPU.Build.0 = PaPayooMemory|Any CPU
		{D943785D-5A8F-4F36-960E-AA082171F16B}.PaPayooMemory|x64.ActiveCfg = PaPayooMemory|x64
		{D943785D-5A8F-4F36-960E-AA082171F16B}.PaPayooMemory|x64.Build.0 = PaPayooMemory|x64
		{D943785D-5A8F-4F36-960E-AA082171F16B}.Release|Any CPU.ActiveCfg = Release|Any CPU
		{D943785D-5A8F-4F36-960E-AA082171F16B}.Release|Any CPU.Build.0 = Release|Any CPU
		{D943785D-5A8F-4F36-960E-AA082171F16B}.Release|x64.ActiveCfg = Release|x64
		{D943785D-5A8F-4F36-960E-AA082171F16B}.Release|x64.Build.0 = Release|x64
	EndGlobalSection
	GlobalSection(SolutionProperties) = preSolution
		HideSolutionNode = FALSE
	EndGlobalSection
	GlobalSection(ExtensibilityGlobals) = postSolution
		SolutionGuid = {7E729631-F2B6-46CD-9816-DCB00D6D24B5}
	EndGlobalSection
EndGlobal
